
Microsoft Visual Studio Solution File, Format Version 12.00
# Visual Studio Version 16
VisualStudioVersion = 16.0.30907.101
MinimumVisualStudioVersion = 10.0.40219.1
Project("{9A19103F-16F7-4668-BE54-9A1E7A4F7556}") = "CustomerCallback.WebAPI", "CustomerCallback.WebAPI\CustomerCallback.WebAPI.csproj", "{B43B06CB-2164-42D0-BB82-E29122B94C37}"
EndProject
Project("{FAE04EC0-301F-11D3-BF4B-00C04F79EFBC}") = "CustomerCallback.Services", "CustomerCallback.Services\CustomerCallback.Services.csproj", "{5679432F-0673-4D3C-BB0F-E34159A2871B}"
EndProject
Project("{FAE04EC0-301F-11D3-BF4B-00C04F79EFBC}") = "CustomerCallback.Data", "CustomerCallback.Data\CustomerCallback.Data.csproj", "{1C663572-DF4F-4ADC-9825-E48CA2D71E23}"
EndProject
Project("{FAE04EC0-301F-11D3-BF4B-00C04F79EFBC}") = "CustomerCallback.Tests", "CustomerCallback.Tests\CustomerCallback.Tests.csproj", "{BE2BB15A-1E1F-4C37-B64A-2A5B18B6EBC8}"
EndProject
Global
	GlobalSection(SolutionConfigurationPlatforms) = preSolution
		Debug|Any CPU = Debug|Any CPU
		Release|Any CPU = Release|Any CPU
	EndGlobalSection
	GlobalSection(ProjectConfigurationPlatforms) = postSolution
		{B43B06CB-2164-42D0-BB82-E29122B94C37}.Debug|Any CPU.ActiveCfg = Debug|Any CPU
		{B43B06CB-2164-42D0-BB82-E29122B94C37}.Debug|Any CPU.Build.0 = Debug|Any CPU
		{B43B06CB-2164-42D0-BB82-E29122B94C37}.Release|Any CPU.ActiveCfg = Release|Any CPU
		{B43B06CB-2164-42D0-BB82-E29122B94C37}.Release|Any CPU.Build.0 = Release|Any CPU
		{5679432F-0673-4D3C-BB0F-E34159A2871B}.Debug|Any CPU.ActiveCfg = Debug|Any CPU
		{5679432F-0673-4D3C-BB0F-E34159A2871B}.Debug|Any CPU.Build.0 = Debug|Any CPU
		{5679432F-0673-4D3C-BB0F-E34159A2871B}.Release|Any CPU.ActiveCfg = Release|Any CPU
		{5679432F-0673-4D3C-BB0F-E34159A2871B}.Release|Any CPU.Build.0 = Release|Any CPU
		{1C663572-DF4F-4ADC-9825-E48CA2D71E23}.Debug|Any CPU.ActiveCfg = Debug|Any CPU
		{1C663572-DF4F-4ADC-9825-E48CA2D71E23}.Debug|Any CPU.Build.0 = Debug|Any CPU
		{1C663572-DF4F-4ADC-9825-E48CA2D71E23}.Release|Any CPU.ActiveCfg = Release|Any CPU
		{1C663572-DF4F-4ADC-9825-E48CA2D71E23}.Release|Any CPU.Build.0 = Release|Any CPU
		{BE2BB15A-1E1F-4C37-B64A-2A5B18B6EBC8}.Debug|Any CPU.ActiveCfg = Debug|Any CPU
		{BE2BB15A-1E1F-4C37-B64A-2A5B18B6EBC8}.Debug|Any CPU.Build.0 = Debug|Any CPU
		{BE2BB15A-1E1F-4C37-B64A-2A5B18B6EBC8}.Release|Any CPU.ActiveCfg = Release|Any CPU
		{BE2BB15A-1E1F-4C37-B64A-2A5B18B6EBC8}.Release|Any CPU.Build.0 = Release|Any CPU
	EndGlobalSection
	GlobalSection(SolutionProperties) = preSolution
		HideSolutionNode = FALSE
	EndGlobalSection
	GlobalSection(ExtensibilityGlobals) = postSolution
		SolutionGuid = {7A8F28D9-2BA0-41B4-98D6-DEC53A624CA1}
	EndGlobalSection
EndGlobal
